{
  "nodes": {
    "blueprint": {
      "inputs": {
        "nixpkgs": [
          "nixpkgs"
        ],
        "systems": "systems"
      },
      "locked": {
        "lastModified": 1733562445,
        "narHash": "sha256-gLmqbX40Qos+EeBvmlzvntWB3NrdiDaFxhr3VAmhrf4=",
        "owner": "numtide",
        "repo": "blueprint",
        "rev": "97ef7fba3a6eec13e12a108ce4b3473602eb424f",
        "type": "github"
      },
      "original": {
        "owner": "numtide",
        "repo": "blueprint",
        "type": "github"
      }
    },
    "flakegen": {
      "inputs": {
        "systems": "systems_2"
      },
      "locked": {
        "lastModified": 1707120544,
        "narHash": "sha256-pXwH9NLXjhjnaz1n7w5m36gVUZ1GVkvtltsLnvVPFJY=",
        "owner": "jorsn",
        "repo": "flakegen",
        "rev": "8b11749b0724700273462a674dd16e5549fe2790",
        "type": "github"
      },
      "original": {
        "owner": "jorsn",
        "repo": "flakegen",
        "type": "github"
      }
    },
    "nixlib": {
      "locked": {
        "lastModified": 1735434288,
        "narHash": "sha256-zg9W8r2xBLoWW47mFYzodngQmalqV7abjXncBcwAQZ8=",
        "owner": "nix-community",
        "repo": "nixpkgs.lib",
        "rev": "97ed8d4ba97b1d4858bdc39cdabfdebc623de82b",
        "type": "github"
      },
      "original": {
        "owner": "nix-community",
        "repo": "nixpkgs.lib",
        "type": "github"
      }
    },
    "nixpkgs": {
      "locked": {
        "lastModified": 1735471104,
        "narHash": "sha256-0q9NGQySwDQc7RhAV2ukfnu7Gxa5/ybJ2ANT8DQrQrs=",
        "owner": "NixOS",
        "repo": "nixpkgs",
        "rev": "88195a94f390381c6afcdaa933c2f6ff93959cb4",
        "type": "github"
      },
      "original": {
        "owner": "NixOS",
        "ref": "nixos-unstable",
        "repo": "nixpkgs",
        "type": "github"
      }
    },
    "root": {
      "inputs": {
        "blueprint": "blueprint",
        "flakegen": "flakegen",
        "nixlib": "nixlib",
        "nixpkgs": "nixpkgs"
      }
    },
    "systems": {
      "locked": {
        "lastModified": 1681028828,
        "narHash": "sha256-Vy1rq5AaRuLzOxct8nz4T6wlgyUR7zLU309k9mBC768=",
        "owner": "nix-systems",
        "repo": "default",
        "rev": "da67096a3b9bf56a91d16901293e51ba5b49a27e",
        "type": "github"
      },
      "original": {
        "owner": "nix-systems",
        "repo": "default",
        "type": "github"
      }
    },
    "systems_2": {
      "locked": {
        "lastModified": 1681028828,
        "narHash": "sha256-Vy1rq5AaRuLzOxct8nz4T6wlgyUR7zLU309k9mBC768=",
        "owner": "nix-systems",
        "repo": "default",
        "rev": "da67096a3b9bf56a91d16901293e51ba5b49a27e",
        "type": "github"
      },
      "original": {
        "owner": "nix-systems",
        "repo": "default",
        "type": "github"
      }
    }
  },
  "root": "root",
  "version": 7
}
